
Microsoft Visual Studio Solution File, Format Version 12.00
# Visual Studio Version 16
VisualStudioVersion = 25.0.1706.14
MinimumVisualStudioVersion = 10.0.40219.1
Project("{FAE04EC0-301F-11D3-BF4B-00C04F79EFBC}") = "Lab4.Android", "Lab4\Lab4.Android\Lab4.Android.csproj", "{1301C37E-5E72-48D3-B81E-4A103C9ACD21}"
EndProject
Project("{FAE04EC0-301F-11D3-BF4B-00C04F79EFBC}") = "Lab4.iOS", "Lab4\Lab4.iOS\Lab4.iOS.csproj", "{7A546851-175C-4469-8601-035B9FCEB02D}"
EndProject
Project("{FAE04EC0-301F-11D3-BF4B-00C04F79EFBC}") = "Lab4", "Lab4\Lab4\Lab4.csproj", "{690A1F2F-83A1-48FA-BD73-9F78F891EDA5}"
EndProject
Project("{FAE04EC0-301F-11D3-BF4B-00C04F79EFBC}") = "Lab4.MacOS", "Lab4.MacOS\Lab4.MacOS.csproj", "{D15C7AAC-35CD-4CA0-870E-826ABDC08EB7}"
EndProject
Global
	GlobalSection(SolutionConfigurationPlatforms) = preSolution
		Debug|Any CPU = Debug|Any CPU
		Release|Any CPU = Release|Any CPU
		Debug|iPhoneSimulator = Debug|iPhoneSimulator
		Release|iPhoneSimulator = Release|iPhoneSimulator
		Debug|iPhone = Debug|iPhone
		Release|iPhone = Release|iPhone
	EndGlobalSection
	GlobalSection(ProjectConfigurationPlatforms) = postSolution
		{1301C37E-5E72-48D3-B81E-4A103C9ACD21}.Debug|Any CPU.ActiveCfg = Debug|Any CPU
		{1301C37E-5E72-48D3-B81E-4A103C9ACD21}.Debug|Any CPU.Build.0 = Debug|Any CPU
		{1301C37E-5E72-48D3-B81E-4A103C9ACD21}.Release|Any CPU.ActiveCfg = Release|Any CPU
		{1301C37E-5E72-48D3-B81E-4A103C9ACD21}.Release|Any CPU.Build.0 = Release|Any CPU
		{1301C37E-5E72-48D3-B81E-4A103C9ACD21}.Debug|iPhoneSimulator.ActiveCfg = Debug|Any CPU
		{1301C37E-5E72-48D3-B81E-4A103C9ACD21}.Debug|iPhoneSimulator.Build.0 = Debug|Any CPU
		{1301C37E-5E72-48D3-B81E-4A103C9ACD21}.Release|iPhoneSimulator.ActiveCfg = Release|Any CPU
		{1301C37E-5E72-48D3-B81E-4A103C9ACD21}.Release|iPhoneSimulator.Build.0 = Release|Any CPU
		{1301C37E-5E72-48D3-B81E-4A103C9ACD21}.Debug|iPhone.ActiveCfg = Debug|Any CPU
		{1301C37E-5E72-48D3-B81E-4A103C9ACD21}.Debug|iPhone.Build.0 = Debug|Any CPU
		{1301C37E-5E72-48D3-B81E-4A103C9ACD21}.Release|iPhone.ActiveCfg = Release|Any CPU
		{1301C37E-5E72-48D3-B81E-4A103C9ACD21}.Release|iPhone.Build.0 = Release|Any CPU
		{7A546851-175C-4469-8601-035B9FCEB02D}.Debug|Any CPU.ActiveCfg = Debug|iPhoneSimulator
		{7A546851-175C-4469-8601-035B9FCEB02D}.Debug|Any CPU.Build.0 = Debug|iPhoneSimulator
		{7A546851-175C-4469-8601-035B9FCEB02D}.Release|Any CPU.ActiveCfg = Release|iPhoneSimulator
		{7A546851-175C-4469-8601-035B9FCEB02D}.Release|Any CPU.Build.0 = Release|iPhoneSimulator
		{7A546851-175C-4469-8601-035B9FCEB02D}.Debug|iPhoneSimulator.ActiveCfg = Debug|iPhoneSimulator
		{7A546851-175C-4469-8601-035B9FCEB02D}.Debug|iPhoneSimulator.Build.0 = Debug|iPhoneSimulator
		{7A546851-175C-4469-8601-035B9FCEB02D}.Release|iPhoneSimulator.ActiveCfg = Release|iPhoneSimulator
		{7A546851-175C-4469-8601-035B9FCEB02D}.Release|iPhoneSimulator.Build.0 = Release|iPhoneSimulator
		{7A546851-175C-4469-8601-035B9FCEB02D}.Debug|iPhone.ActiveCfg = Debug|iPhone
		{7A546851-175C-4469-8601-035B9FCEB02D}.Debug|iPhone.Build.0 = Debug|iPhone
		{7A546851-175C-4469-8601-035B9FCEB02D}.Release|iPhone.ActiveCfg = Release|iPhone
		{7A546851-175C-4469-8601-035B9FCEB02D}.Release|iPhone.Build.0 = Release|iPhone
		{690A1F2F-83A1-48FA-BD73-9F78F891EDA5}.Debug|Any CPU.ActiveCfg = Debug|Any CPU
		{690A1F2F-83A1-48FA-BD73-9F78F891EDA5}.Debug|Any CPU.Build.0 = Debug|Any CPU
		{690A1F2F-83A1-48FA-BD73-9F78F891EDA5}.Release|Any CPU.ActiveCfg = Release|Any CPU
		{690A1F2F-83A1-48FA-BD73-9F78F891EDA5}.Release|Any CPU.Build.0 = Release|Any CPU
		{690A1F2F-83A1-48FA-BD73-9F78F891EDA5}.Debug|iPhoneSimulator.ActiveCfg = Debug|Any CPU
		{690A1F2F-83A1-48FA-BD73-9F78F891EDA5}.Debug|iPhoneSimulator.Build.0 = Debug|Any CPU
		{690A1F2F-83A1-48FA-BD73-9F78F891EDA5}.Release|iPhoneSimulator.ActiveCfg = Release|Any CPU
		{690A1F2F-83A1-48FA-BD73-9F78F891EDA5}.Release|iPhoneSimulator.Build.0 = Release|Any CPU
		{690A1F2F-83A1-48FA-BD73-9F78F891EDA5}.Debug|iPhone.ActiveCfg = Debug|Any CPU
		{690A1F2F-83A1-48FA-BD73-9F78F891EDA5}.Debug|iPhone.Build.0 = Debug|Any CPU
		{690A1F2F-83A1-48FA-BD73-9F78F891EDA5}.Release|iPhone.ActiveCfg = Release|Any CPU
		{690A1F2F-83A1-48FA-BD73-9F78F891EDA5}.Release|iPhone.Build.0 = Release|Any CPU
		{D15C7AAC-35CD-4CA0-870E-826ABDC08EB7}.Debug|Any CPU.ActiveCfg = Debug|Any CPU
		{D15C7AAC-35CD-4CA0-870E-826ABDC08EB7}.Debug|Any CPU.Build.0 = Debug|Any CPU
		{D15C7AAC-35CD-4CA0-870E-826ABDC08EB7}.Release|Any CPU.ActiveCfg = Release|Any CPU
		{D15C7AAC-35CD-4CA0-870E-826ABDC08EB7}.Release|Any CPU.Build.0 = Release|Any CPU
		{D15C7AAC-35CD-4CA0-870E-826ABDC08EB7}.Debug|iPhoneSimulator.ActiveCfg = Debug|Any CPU
		{D15C7AAC-35CD-4CA0-870E-826ABDC08EB7}.Debug|iPhoneSimulator.Build.0 = Debug|Any CPU
		{D15C7AAC-35CD-4CA0-870E-826ABDC08EB7}.Release|iPhoneSimulator.ActiveCfg = Release|Any CPU
		{D15C7AAC-35CD-4CA0-870E-826ABDC08EB7}.Release|iPhoneSimulator.Build.0 = Release|Any CPU
		{D15C7AAC-35CD-4CA0-870E-826ABDC08EB7}.Debug|iPhone.ActiveCfg = Debug|Any CPU
		{D15C7AAC-35CD-4CA0-870E-826ABDC08EB7}.Debug|iPhone.Build.0 = Debug|Any CPU
		{D15C7AAC-35CD-4CA0-870E-826ABDC08EB7}.Release|iPhone.ActiveCfg = Release|Any CPU
		{D15C7AAC-35CD-4CA0-870E-826ABDC08EB7}.Release|iPhone.Build.0 = Release|Any CPU
	EndGlobalSection
	GlobalSection(SolutionProperties) = preSolution
		HideSolutionNode = FALSE
	EndGlobalSection
	GlobalSection(ExtensibilityGlobals) = postSolution
		SolutionGuid = {6ABA5637-A2CE-4F98-9B90-DD06C5D45371}
	EndGlobalSection
EndGlobal
